
Microsoft Visual Studio Solution File, Format Version 12.00
# Visual Studio Version 17
VisualStudioVersion = 17.14.36616.10
MinimumVisualStudioVersion = 10.0.40219.1
Project("{FAE04EC0-301F-11D3-BF4B-00C04F79EFBC}") = "WinForms_PhongKham", "WinForms_PhongKham.csproj", "{38EF4691-5F0F-4E67-8129-4969D63EE176}"
EndProject
Project("{FAE04EC0-301F-11D3-BF4B-00C04F79EFBC}") = "BUS", "..\BUS\BUS.csproj", "{EF4DBF8B-F2AA-4056-B665-97C9748362C3}"
EndProject
Project("{FAE04EC0-301F-11D3-BF4B-00C04F79EFBC}") = "DAO", "..\DAO\DAO.csproj", "{B6501A23-73A7-4DEA-A1B1-DC6E2486403E}"
EndProject
Project("{FAE04EC0-301F-11D3-BF4B-00C04F79EFBC}") = "DTO", "..\DTO\DTO.csproj", "{71D5701A-A5E4-4FBE-A296-9CAEF7EF5649}"
EndProject
Global
	GlobalSection(SolutionConfigurationPlatforms) = preSolution
		Debug|Any CPU = Debug|Any CPU
		Release|Any CPU = Release|Any CPU
	EndGlobalSection
	GlobalSection(ProjectConfigurationPlatforms) = postSolution
		{38EF4691-5F0F-4E67-8129-4969D63EE176}.Debug|Any CPU.ActiveCfg = Debug|Any CPU
		{38EF4691-5F0F-4E67-8129-4969D63EE176}.Debug|Any CPU.Build.0 = Debug|Any CPU
		{38EF4691-5F0F-4E67-8129-4969D63EE176}.Release|Any CPU.ActiveCfg = Release|Any CPU
		{38EF4691-5F0F-4E67-8129-4969D63EE176}.Release|Any CPU.Build.0 = Release|Any CPU
		{EF4DBF8B-F2AA-4056-B665-97C9748362C3}.Debug|Any CPU.ActiveCfg = Debug|Any CPU
		{EF4DBF8B-F2AA-4056-B665-97C9748362C3}.Debug|Any CPU.Build.0 = Debug|Any CPU
		{EF4DBF8B-F2AA-4056-B665-97C9748362C3}.Release|Any CPU.ActiveCfg = Release|Any CPU
		{EF4DBF8B-F2AA-4056-B665-97C9748362C3}.Release|Any CPU.Build.0 = Release|Any CPU
		{B6501A23-73A7-4DEA-A1B1-DC6E2486403E}.Debug|Any CPU.ActiveCfg = Debug|Any CPU
		{B6501A23-73A7-4DEA-A1B1-DC6E2486403E}.Debug|Any CPU.Build.0 = Debug|Any CPU
		{B6501A23-73A7-4DEA-A1B1-DC6E2486403E}.Release|Any CPU.ActiveCfg = Release|Any CPU
		{B6501A23-73A7-4DEA-A1B1-DC6E2486403E}.Release|Any CPU.Build.0 = Release|Any CPU
		{71D5701A-A5E4-4FBE-A296-9CAEF7EF5649}.Debug|Any CPU.ActiveCfg = Debug|Any CPU
		{71D5701A-A5E4-4FBE-A296-9CAEF7EF5649}.Debug|Any CPU.Build.0 = Debug|Any CPU
		{71D5701A-A5E4-4FBE-A296-9CAEF7EF5649}.Release|Any CPU.ActiveCfg = Release|Any CPU
		{71D5701A-A5E4-4FBE-A296-9CAEF7EF5649}.Release|Any CPU.Build.0 = Release|Any CPU
	EndGlobalSection
	GlobalSection(SolutionProperties) = preSolution
		HideSolutionNode = FALSE
	EndGlobalSection
	GlobalSection(ExtensibilityGlobals) = postSolution
		SolutionGuid = {04DAC9A1-87DF-44AC-8DC5-BDDD7F8350CC}
	EndGlobalSection
EndGlobal
